
Microsoft Visual Studio Solution File, Format Version 12.00
# Visual Studio 15
VisualStudioVersion = 15.0.28010.2019
MinimumVisualStudioVersion = 10.0.40219.1
Project("{FAE04EC0-301F-11D3-BF4B-00C04F79EFBC}") = "MobileApplication", "MobileApplication\MobileApplication.csproj", "{72752C2E-59B7-4034-A253-E5B9FE7B1764}"
EndProject
Global
	GlobalSection(SolutionConfigurationPlatforms) = preSolution
		Debug|Any CPU = Debug|Any CPU
		Release|Any CPU = Release|Any CPU
	EndGlobalSection
	GlobalSection(ProjectConfigurationPlatforms) = postSolution
		{72752C2E-59B7-4034-A253-E5B9FE7B1764}.Debug|Any CPU.ActiveCfg = Debug|Any CPU
		{72752C2E-59B7-4034-A253-E5B9FE7B1764}.Debug|Any CPU.Build.0 = Debug|Any CPU
		{72752C2E-59B7-4034-A253-E5B9FE7B1764}.Release|Any CPU.ActiveCfg = Release|Any CPU
		{72752C2E-59B7-4034-A253-E5B9FE7B1764}.Release|Any CPU.Build.0 = Release|Any CPU
	EndGlobalSection
	GlobalSection(SolutionProperties) = preSolution
		HideSolutionNode = FALSE
	EndGlobalSection
	GlobalSection(ExtensibilityGlobals) = postSolution
		SolutionGuid = {BDE3899D-8339-4806-913C-CBC86B385A8B}
	EndGlobalSection
EndGlobal
